
Microsoft Visual Studio Solution File, Format Version 12.00
# Visual Studio Version 17
VisualStudioVersion = 17.7.34031.279
MinimumVisualStudioVersion = 10.0.40219.1
Project("{FAE04EC0-301F-11D3-BF4B-00C04F79EFBC}") = "SummatorAppium", "AppiumExercise\SummatorAppium.csproj", "{FEB52C66-1F98-4FA0-973E-B5BC0DFB5AC3}"
EndProject
Project("{FAE04EC0-301F-11D3-BF4B-00C04F79EFBC}") = "NotepadAppium", "NotepadAppium\NotepadAppium.csproj", "{5ED68E53-27FE-4E45-8AB0-4B23DF9E58DA}"
EndProject
Global
	GlobalSection(SolutionConfigurationPlatforms) = preSolution
		Debug|Any CPU = Debug|Any CPU
		Release|Any CPU = Release|Any CPU
	EndGlobalSection
	GlobalSection(ProjectConfigurationPlatforms) = postSolution
		{FEB52C66-1F98-4FA0-973E-B5BC0DFB5AC3}.Debug|Any CPU.ActiveCfg = Debug|Any CPU
		{FEB52C66-1F98-4FA0-973E-B5BC0DFB5AC3}.Debug|Any CPU.Build.0 = Debug|Any CPU
		{FEB52C66-1F98-4FA0-973E-B5BC0DFB5AC3}.Release|Any CPU.ActiveCfg = Release|Any CPU
		{FEB52C66-1F98-4FA0-973E-B5BC0DFB5AC3}.Release|Any CPU.Build.0 = Release|Any CPU
		{5ED68E53-27FE-4E45-8AB0-4B23DF9E58DA}.Debug|Any CPU.ActiveCfg = Debug|Any CPU
		{5ED68E53-27FE-4E45-8AB0-4B23DF9E58DA}.Debug|Any CPU.Build.0 = Debug|Any CPU
		{5ED68E53-27FE-4E45-8AB0-4B23DF9E58DA}.Release|Any CPU.ActiveCfg = Release|Any CPU
		{5ED68E53-27FE-4E45-8AB0-4B23DF9E58DA}.Release|Any CPU.Build.0 = Release|Any CPU
	EndGlobalSection
	GlobalSection(SolutionProperties) = preSolution
		HideSolutionNode = FALSE
	EndGlobalSection
	GlobalSection(ExtensibilityGlobals) = postSolution
		SolutionGuid = {BA64641D-E4EC-4BF5-A89E-7E08F9D1292D}
	EndGlobalSection
EndGlobal
